
Microsoft Visual Studio Solution File, Format Version 12.00
# Visual Studio Version 17
VisualStudioVersion = 17.3.32825.248
MinimumVisualStudioVersion = 10.0.40219.1
Project("{FAE04EC0-301F-11D3-BF4B-00C04F79EFBC}") = "14.8GuessNumberSK", "14.8GuessNumberSK\14.8GuessNumberSK.csproj", "{93718976-CBAC-46FA-BF3C-95EE843B1A91}"
EndProject
Global
	GlobalSection(SolutionConfigurationPlatforms) = preSolution
		Debug|Any CPU = Debug|Any CPU
		Release|Any CPU = Release|Any CPU
	EndGlobalSection
	GlobalSection(ProjectConfigurationPlatforms) = postSolution
		{93718976-CBAC-46FA-BF3C-95EE843B1A91}.Debug|Any CPU.ActiveCfg = Debug|Any CPU
		{93718976-CBAC-46FA-BF3C-95EE843B1A91}.Debug|Any CPU.Build.0 = Debug|Any CPU
		{93718976-CBAC-46FA-BF3C-95EE843B1A91}.Release|Any CPU.ActiveCfg = Release|Any CPU
		{93718976-CBAC-46FA-BF3C-95EE843B1A91}.Release|Any CPU.Build.0 = Release|Any CPU
	EndGlobalSection
	GlobalSection(SolutionProperties) = preSolution
		HideSolutionNode = FALSE
	EndGlobalSection
	GlobalSection(ExtensibilityGlobals) = postSolution
		SolutionGuid = {DFC008EB-A4B6-43F0-8817-D97E26D7EC2E}
	EndGlobalSection
EndGlobal
